[root]
name = "csv_statistics"
version = "0.0.1"
dependencies = [
 "rust-csv 0.5.0 (git+https://github.com/kubkon/rust-csv#c0e5db691a2e3f8149c6e06533e3452c20c9a9ab)",
]

[[package]]
name = "rust-csv"
version = "0.5.0"
source = "git+https://github.com/kubkon/rust-csv#c0e5db691a2e3f8149c6e06533e3452c20c9a9ab"

